// This lockfile was autogenerated by Pants. To regenerate, run:
//
//    ./pants generate-lockfiles --resolve=python-default
//
// --- BEGIN PANTS LOCKFILE METADATA: DO NOT EDIT OR REMOVE ---
// {
//   "version": 3,
//   "valid_for_interpreter_constraints": [
//     "CPython<3.11,>=3.8"
//   ],
//   "generated_with_requirements": [
//     "opencv-python~=4.6.0.66"
//   ],
//   "manylinux": "manylinux2014",
//   "requirement_constraints": [],
//   "only_binary": [],
//   "no_binary": []
// }
// --- END PANTS LOCKFILE METADATA ---

{
  "allow_builds": true,
  "allow_prereleases": false,
  "allow_wheels": true,
  "build_isolation": true,
  "constraints": [],
  "locked_resolves": [
    {
      "locked_requirements": [
        {
          "artifacts": [
            {
              "algorithm": "sha256",
              "hash": "f9006288bcf4895917d02583cf3411f98631275bc67cce355a7f39f8c14338fa",
              "url": "https://files.pythonhosted.org/packages/96/d2/87a37d505439bb92dd516c882a701fcbcae0efd95d3f1900baef8d88de93/numpy-1.24.2-pp38-pypy38_pp73-manylinux_2_17_x86_64.manylinux2014_x86_64.whl"
            },
            {
              "algorithm": "sha256",
              "hash": "c72a6b2f4af1adfe193f7beb91ddf708ff867a3f977ef2ec53c0ffb8283ab9f5",
              "url": "https://files.pythonhosted.org/packages/28/e4/8acb46849784d2cefa383596299123d3f0330c627fa55c95bfd4a0ef5172/numpy-1.24.2-cp38-cp38-macosx_11_0_arm64.whl"
            },
            {
              "algorithm": "sha256",
              "hash": "6524630f71631be2dabe0c541e7675db82651eb998496bbe16bc4f77f0772253",
              "url": "https://files.pythonhosted.org/packages/34/dc/7470dde137734e311c5203d0a5854e03da12d7bef60784937efcbb1f8c08/numpy-1.24.2-cp310-cp310-manylinux_2_17_aarch64.manylinux2014_aarch64.whl"
            },
            {
              "algorithm": "sha256",
              "hash": "adbdce121896fd3a17a77ab0b0b5eedf05a9834a18699db6829a64e1dfccca7f",
              "url": "https://files.pythonhosted.org/packages/38/77/b0afa98a670cb255f15155a856ef257a82aa0b72e435f5f58da31d9dc944/numpy-1.24.2-cp39-cp39-macosx_11_0_arm64.whl"
            },
            {
              "algorithm": "sha256",
              "hash": "eef70b4fc1e872ebddc38cddacc87c19a3709c0e3e5d20bf3954c147b1dd941d",
              "url": "https://files.pythonhosted.org/packages/39/fd/217e9bf573f710827416e1e6f56a6355b90c2ce7fbf8b83d5729d5b2e0b6/numpy-1.24.2-cp310-cp310-macosx_10_9_x86_64.whl"
            },
            {
              "algorithm": "sha256",
              "hash": "c29e6bd0ec49a44d7690ecb623a8eac5ab8a923bce0bea6293953992edf3a76a",
              "url": "https://files.pythonhosted.org/packages/56/16/4a1ccd05d4f77f78f64cb9cb9f3121edeeebd23d9264b0dcb903889f9c1e/numpy-1.24.2-cp38-cp38-manylinux_2_17_aarch64.manylinux2014_aarch64.whl"
            },
            {
              "algorithm": "sha256",
              "hash": "e8d2859428712785e8a8b7d2b3ef0a1d1565892367b32f915c4a4df44d0e64f5",
              "url": "https://files.pythonhosted.org/packages/8e/32/2bd17fccc5decf3b904888f4f86b89e367a009273c665cbbbbfe515b43df/numpy-1.24.2-cp310-cp310-macosx_11_0_arm64.whl"
            },
            {
              "algorithm": "sha256",
              "hash": "2eabd64ddb96a1239791da78fa5f4e1693ae2dadc82a76bc76a14cbb2b966e96",
              "url": "https://files.pythonhosted.org/packages/9c/ee/77768cade9607687fadbcc1dcbb82dba0554154b3aa641f9c17233ffabe8/numpy-1.24.2-cp38-cp38-manylinux_2_17_x86_64.manylinux2014_x86_64.whl"
            },
            {
              "algorithm": "sha256",
              "hash": "889b2cc88b837d86eda1b17008ebeb679d82875022200c6e8e4ce6cf549b7acb",
              "url": "https://files.pythonhosted.org/packages/ba/2b/404f675b848033b23d688e5bdc55ec1d62b62f5568dda7f80edb147b637e/numpy-1.24.2-cp39-cp39-manylinux_2_17_aarch64.manylinux2014_aarch64.whl"
            },
            {
              "algorithm": "sha256",
              "hash": "a51725a815a6188c662fb66fb32077709a9ca38053f0274640293a14fdd22978",
              "url": "https://files.pythonhosted.org/packages/c5/21/275cfa7731ee2e121b1bf85ddb21b8712fe2f409f02a8b61521af6e4993d/numpy-1.24.2-cp310-cp310-manylinux_2_17_x86_64.manylinux2014_x86_64.whl"
            },
            {
              "algorithm": "sha256",
              "hash": "4199e7cfc307a778f72d293372736223e39ec9ac096ff0a2e64853b866a8e18a",
              "url": "https://files.pythonhosted.org/packages/ca/e0/f719500114ec3d291718ddbb1bfc3d1db7f9adb17b5c69aa617fe95c17fc/numpy-1.24.2-cp39-cp39-macosx_10_9_x86_64.whl"
            },
            {
              "algorithm": "sha256",
              "hash": "92011118955724465fb6853def593cf397b4a1367495e0b59a7e69d40c4eb71d",
              "url": "https://files.pythonhosted.org/packages/e3/83/1d6e5de945573bf865f05fd92144b4c08c895e4b23fcd9c5ee4955185333/numpy-1.24.2-pp38-pypy38_pp73-macosx_10_9_x86_64.whl"
            },
            {
              "algorithm": "sha256",
              "hash": "003a9f530e880cb2cd177cba1af7220b9aa42def9c4afc2a2fc3ee6be7eb2b22",
              "url": "https://files.pythonhosted.org/packages/e4/a9/6704bb5e1d1d778d3a6ee1278a8d8134f0db160e09d52863a24edb58eab5/numpy-1.24.2.tar.gz"
            },
            {
              "algorithm": "sha256",
              "hash": "f64bb98ac59b3ea3bf74b02f13836eb2e24e48e0ab0145bbda646295769bd780",
              "url": "https://files.pythonhosted.org/packages/f4/f4/45e6e3f7a23b9023554903a122c95585e9787f9403d386bafb7a95d24c9b/numpy-1.24.2-cp39-cp39-manylinux_2_17_x86_64.manylinux2014_x86_64.whl"
            },
            {
              "algorithm": "sha256",
              "hash": "d0a2db9d20117bf523dde15858398e7c0858aadca7c0f088ac0d6edd360e9ad2",
              "url": "https://files.pythonhosted.org/packages/ff/98/7b71cabcce208f8c67398e812068524e473a143342583d55955cbb92b463/numpy-1.24.2-cp38-cp38-macosx_10_9_x86_64.whl"
            }
          ],
          "project_name": "numpy",
          "requires_dists": [],
          "requires_python": ">=3.8",
          "version": "1.24.2"
        },
        {
          "artifacts": [
            {
              "algorithm": "sha256",
              "hash": "6e32af22e3202748bd233ed8f538741876191863882eba44e332d1a34993165b",
              "url": "https://files.pythonhosted.org/packages/c6/00/858e894a2127b3a1b5479812b1bd3669bca64175dff4fc7c778e0a6ee565/opencv_python-4.6.0.66-cp37-abi3-macosx_11_0_arm64.whl"
            },
            {
              "algorithm": "sha256",
              "hash": "5af8ba35a4fcb8913ffb86e92403e9a656a4bff4a645d196987468f0f8947875",
              "url": "https://files.pythonhosted.org/packages/12/5d/1527327b9f7ea13bef31377f8bf399f03dc5f4f1c9f1fb69bc56b6e24cd4/opencv_python-4.6.0.66-cp36-abi3-manylinux_2_17_aarch64.manylinux2014_aarch64.whl"
            },
            {
              "algorithm": "sha256",
              "hash": "c5bfae41ad4031e66bb10ec4a0a2ffd3e514d092652781e8b1ac98d1b59f1158",
              "url": "https://files.pythonhosted.org/packages/7a/1c/e57fe138615c29b8d1442009057dd420c58d4773cb16112e914c9e7b47d8/opencv-python-4.6.0.66.tar.gz"
            },
            {
              "algorithm": "sha256",
              "hash": "dbdc84a9b4ea2cbae33861652d25093944b9959279200b7ae0badd32439f74de",
              "url": "https://files.pythonhosted.org/packages/af/bf/8d189a5c43460f6b5c8eb81ead8732e94b9f73ef8d9abba9e8f5a61a6531/opencv_python-4.6.0.66-cp36-abi3-manylinux_2_17_x86_64.manylinux2014_x86_64.whl"
            },
            {
              "algorithm": "sha256",
              "hash": "e6e448b62afc95c5b58f97e87ef84699e6607fe5c58730a03301c52496005cae",
              "url": "https://files.pythonhosted.org/packages/bc/71/4575227302db0b95bbf635dd87f2c58339f84c6e63ade1afc7d332414da2/opencv_python-4.6.0.66-cp36-abi3-macosx_10_15_x86_64.whl"
            }
          ],
          "project_name": "opencv-python",
          "requires_dists": [
            "numpy>=1.13.3; python_version < \"3.7\"",
            "numpy>=1.14.5; python_version >= \"3.7\"",
            "numpy>=1.17.3; python_version >= \"3.8\"",
            "numpy>=1.19.3; python_version >= \"3.6\" and platform_system == \"Linux\" and platform_machine == \"aarch64\"",
            "numpy>=1.19.3; python_version >= \"3.9\"",
            "numpy>=1.21.2; python_version >= \"3.10\"",
            "numpy>=1.21.2; python_version >= \"3.6\" and platform_system == \"Darwin\" and platform_machine == \"arm64\""
          ],
          "requires_python": ">=3.6",
          "version": "4.6.0.66"
        }
      ],
      "platform_tag": null
    }
  ],
  "path_mappings": {},
  "pex_version": "2.1.108",
  "pip_version": "20.3.4-patched",
  "prefer_older_binary": false,
  "requirements": [
    "opencv-python~=4.6.0.66"
  ],
  "requires_python": [
    "<3.11,>=3.8"
  ],
  "resolver_version": "pip-2020-resolver",
  "style": "universal",
  "target_systems": [
    "linux",
    "mac"
  ],
  "transitive": true,
  "use_pep517": null
}
